PODS:
  - Alamofire (4.8.2)
  - Localize-Swift (2.0.0)
  - SwiftyJSON (4.3.0)

DEPENDENCIES:
  - Alamofire
  - Localize-Swift (~> 2.0)
  - SwiftyJSON (~> 4.0)

SPEC REPOS:
  https://github.com/cocoapods/specs.git:
    - Alamofire
    - Localize-Swift
    - SwiftyJSON

SPEC CHECKSUMS:
  Alamofire: ae5c501addb7afdbb13687d7f2f722c78734c2d3
  Localize-Swift: c798ec9286494866f7068f85f7c71283ac5bdab4
  SwiftyJSON: 6faa0040f8b59dead0ee07436cbf76b73c08fd08

PODFILE CHECKSUM: d9f1517992d7d8156111f004307343e2dde16414

COCOAPODS: 1.6.1
